
Microsoft Visual Studio Solution File, Format Version 12.00
# Visual Studio Version 17
VisualStudioVersion = 17.6.33712.159
MinimumVisualStudioVersion = 10.0.40219.1
Project("{FAE04EC0-301F-11D3-BF4B-00C04F79EFBC}") = "Start-Drive.API", "Start-Drive.API\Start-Drive.API.csproj", "{10A85AE9-43CC-4F03-8600-FAAE2F585F18}"
EndProject
Global
	GlobalSection(SolutionConfigurationPlatforms) = preSolution
		Debug|Any CPU = Debug|Any CPU
		Release|Any CPU = Release|Any CPU
	EndGlobalSection
	GlobalSection(ProjectConfigurationPlatforms) = postSolution
		{10A85AE9-43CC-4F03-8600-FAAE2F585F18}.Debug|Any CPU.ActiveCfg = Debug|Any CPU
		{10A85AE9-43CC-4F03-8600-FAAE2F585F18}.Debug|Any CPU.Build.0 = Debug|Any CPU
		{10A85AE9-43CC-4F03-8600-FAAE2F585F18}.Release|Any CPU.ActiveCfg = Release|Any CPU
		{10A85AE9-43CC-4F03-8600-FAAE2F585F18}.Release|Any CPU.Build.0 = Release|Any CPU
	EndGlobalSection
	GlobalSection(SolutionProperties) = preSolution
		HideSolutionNode = FALSE
	EndGlobalSection
	GlobalSection(ExtensibilityGlobals) = postSolution
		SolutionGuid = {AEAADD4A-074A-424D-BCB4-17E9C411F2B8}
	EndGlobalSection
EndGlobal
